PODS:
  - boost (1.76.0)
  - DoubleConversion (1.1.6)
  - EXApplication (5.1.1):
    - ExpoModulesCore
  - EXConstants (14.2.1):
    - ExpoModulesCore
  - EXFileSystem (15.2.2):
    - ExpoModulesCore
  - EXFont (11.1.1):
    - ExpoModulesCore
  - EXJSONUtils (0.5.1)
  - EXManifests (0.5.2):
    - EXJSONUtils
  - Expo (48.0.19):
    - ExpoModulesCore
  - expo-dev-client (2.2.1):
    - EXManifests
    - expo-dev-launcher
    - expo-dev-menu
    - expo-dev-menu-interface
    - EXUpdatesInterface
  - expo-dev-launcher (2.2.1):
    - EXManifests
    - expo-dev-launcher/Main (= 2.2.1)
    - expo-dev-menu
    - expo-dev-menu-interface
    - ExpoModulesCore
    - EXUpdatesInterface
    - React-Core
  - expo-dev-launcher/Main (2.2.1):
    - EXManifests
    - expo-dev-launcher/Unsafe
    - expo-dev-menu
    - expo-dev-menu-interface
    - ExpoModulesCore
    - EXUpdatesInterface
    - React-Core
  - expo-dev-launcher/Unsafe (2.2.1):
    - EXManifests
    - expo-dev-menu
    - expo-dev-menu-interface
    - ExpoModulesCore
    - EXUpdatesInterface
    - React-Core
  - expo-dev-menu (2.2.0):
    - expo-dev-menu/Main (= 2.2.0)
  - expo-dev-menu-interface (1.1.1)
  - expo-dev-menu/GestureHandler (2.2.0)
  - expo-dev-menu/Main (2.2.0):
    - EXManifests
    - expo-dev-menu-interface
    - expo-dev-menu/Vendored
    - ExpoModulesCore
    - React-Core
  - expo-dev-menu/Reanimated (2.2.0):
    - DoubleConversion
    - FBLazyVector
    - FBReactNativeSpec
    - glog
    - RCT-Folly
    - RCTRequired
    - RCTTypeSafety
    - React-callinvoker
    - React-Core
    - React-Core/DevSupport
    - React-Core/RCTWebSocket
    - React-CoreModules
    - React-cxxreact
    - React-jsi
    - React-jsiexecutor
    - React-jsinspector
    - React-RCTActionSheet
    - React-RCTAnimation
    - React-RCTBlob
    - React-RCTImage
    - React-RCTLinking
    - React-RCTNetwork
    - React-RCTSettings
    - React-RCTText
    - React-RCTVibration
    - ReactCommon/turbomodule/core
    - Yoga
  - expo-dev-menu/SafeAreaView (2.2.0)
  - expo-dev-menu/Vendored (2.2.0):
    - expo-dev-menu/GestureHandler
    - expo-dev-menu/Reanimated
    - expo-dev-menu/SafeAreaView
  - ExpoAppleAuthentication (6.0.1):
    - ExpoModulesCore
  - ExpoCrypto (12.2.2):
    - ExpoModulesCore
  - ExpoKeepAwake (12.0.1):
    - ExpoModulesCore
  - ExpoModulesCore (1.2.7):
    - React-Core
    - React-RCTAppDelegate
    - ReactCommon/turbomodule/core
  - ExpoWebBrowser (12.1.1):
    - ExpoModulesCore
  - EXSplashScreen (0.18.2):
    - ExpoModulesCore
    - React-Core
  - EXUpdatesInterface (0.9.1)
  - FBLazyVector (0.71.3)
  - FBReactNativeSpec (0.71.3):
    - RCT-Folly (= 2021.07.22.00)
    - RCTRequired (= 0.71.3)
    - RCTTypeSafety (= 0.71.3)
    - React-Core (= 0.71.3)
    - React-jsi (= 0.71.3)
    - ReactCommon/turbomodule/core (= 0.71.3)
  - fmt (6.2.1)
  - glog (0.3.5)
  - RCT-Folly (2021.07.22.00):
    - boost
    - DoubleConversion
    - fmt (~> 6.2.1)
    - glog
    - RCT-Folly/Default (= 2021.07.22.00)
  - RCT-Folly/Default (2021.07.22.00):
    - boost
    - DoubleConversion
    - fmt (~> 6.2.1)
    - glog
  - RCTRequired (0.71.3)
  - RCTTypeSafety (0.71.3):
    - FBLazyVector (= 0.71.3)
    - RCTRequired (= 0.71.3)
    - React-Core (= 0.71.3)
  - React (0.71.3):
    - React-Core (= 0.71.3)
    - React-Core/DevSupport (= 0.71.3)
    - React-Core/RCTWebSocket (= 0.71.3)
    - React-RCTActionSheet (= 0.71.3)
    - React-RCTAnimation (= 0.71.3)
    - React-RCTBlob (= 0.71.3)
    - React-RCTImage (= 0.71.3)
    - React-RCTLinking (= 0.71.3)
    - React-RCTNetwork (= 0.71.3)
    - React-RCTSettings (= 0.71.3)
    - React-RCTText (= 0.71.3)
    - React-RCTVibration (= 0.71.3)
  - React-callinvoker (0.71.3)
  - React-Codegen (0.71.3):
    - FBReactNativeSpec
    - RCT-Folly
    - RCTRequired
    - RCTTypeSafety
    - React-Core
    - React-jsc
    - React-jsi
    - React-jsiexecutor
    - ReactCommon/turbomodule/bridging
    - ReactCommon/turbomodule/core
  - React-Core (0.71.3):
    - glog
    - RCT-Folly (= 2021.07.22.00)
    - React-Core/Default (= 0.71.3)
    - React-cxxreact (= 0.71.3)
    - React-jsc
    - React-jsi (= 0.71.3)
    - React-jsiexecutor (= 0.71.3)
    - React-perflogger (= 0.71.3)
    - Yoga
  - React-Core/CoreModulesHeaders (0.71.3):
    - glog
    - RCT-Folly (= 2021.07.22.00)
    - React-Core/Default
    - React-cxxreact (= 0.71.3)
    - React-jsc
    - React-jsi (= 0.71.3)
    - React-jsiexecutor (= 0.71.3)
    - React-perflogger (= 0.71.3)
    - Yoga
  - React-Core/Default (0.71.3):
    - glog
    - RCT-Folly (= 2021.07.22.00)
    - React-cxxreact (= 0.71.3)
    - React-jsc
    - React-jsi (= 0.71.3)
    - React-jsiexecutor (= 0.71.3)
    - React-perflogger (= 0.71.3)
    - Yoga
  - React-Core/DevSupport (0.71.3):
    - glog
    - RCT-Folly (= 2021.07.22.00)
    - React-Core/Default (= 0.71.3)
    - React-Core/RCTWebSocket (= 0.71.3)
    - React-cxxreact (= 0.71.3)
    - React-jsc
    - React-jsi (= 0.71.3)
    - React-jsiexecutor (= 0.71.3)
    - React-jsinspector (= 0.71.3)
    - React-perflogger (= 0.71.3)
    - Yoga
  - React-Core/RCTActionSheetHeaders (0.71.3):
    - glog
    - RCT-Folly (= 2021.07.22.00)
    - React-Core/Default
    - React-cxxreact (= 0.71.3)
    - React-jsc
    - React-jsi (= 0.71.3)
    - React-jsiexecutor (= 0.71.3)
    - React-perflogger (= 0.71.3)
    - Yoga
  - React-Core/RCTAnimationHeaders (0.71.3):
    - glog
    - RCT-Folly (= 2021.07.22.00)
    - React-Core/Default
    - React-cxxreact (= 0.71.3)
    - React-jsc
    - React-jsi (= 0.71.3)
    - React-jsiexecutor (= 0.71.3)
    - React-perflogger (= 0.71.3)
    - Yoga
  - React-Core/RCTBlobHeaders (0.71.3):
    - glog
    - RCT-Folly (= 2021.07.22.00)
    - React-Core/Default
    - React-cxxreact (= 0.71.3)
    - React-jsc
    - React-jsi (= 0.71.3)
    - React-jsiexecutor (= 0.71.3)
    - React-perflogger (= 0.71.3)
    - Yoga
  - React-Core/RCTImageHeaders (0.71.3):
    - glog
    - RCT-Folly (= 2021.07.22.00)
    - React-Core/Default
    - React-cxxreact (= 0.71.3)
    - React-jsc
    - React-jsi (= 0.71.3)
    - React-jsiexecutor (= 0.71.3)
    - React-perflogger (= 0.71.3)
    - Yoga
  - React-Core/RCTLinkingHeaders (0.71.3):
    - glog
    - RCT-Folly (= 2021.07.22.00)
    - React-Core/Default
    - React-cxxreact (= 0.71.3)
    - React-jsc
    - React-jsi (= 0.71.3)
    - React-jsiexecutor (= 0.71.3)
    - React-perflogger (= 0.71.3)
    - Yoga
  - React-Core/RCTNetworkHeaders (0.71.3):
    - glog
    - RCT-Folly (= 2021.07.22.00)
    - React-Core/Default
    - React-cxxreact (= 0.71.3)
    - React-jsc
    - React-jsi (= 0.71.3)
    - React-jsiexecutor (= 0.71.3)
    - React-perflogger (= 0.71.3)
    - Yoga
  - React-Core/RCTSettingsHeaders (0.71.3):
    - glog
    - RCT-Folly (= 2021.07.22.00)
    - React-Core/Default
    - React-cxxreact (= 0.71.3)
    - React-jsc
    - React-jsi (= 0.71.3)
    - React-jsiexecutor (= 0.71.3)
    - React-perflogger (= 0.71.3)
    - Yoga
  - React-Core/RCTTextHeaders (0.71.3):
    - glog
    - RCT-Folly (= 2021.07.22.00)
    - React-Core/Default
    - React-cxxreact (= 0.71.3)
    - React-jsc
    - React-jsi (= 0.71.3)
    - React-jsiexecutor (= 0.71.3)
    - React-perflogger (= 0.71.3)
    - Yoga
  - React-Core/RCTVibrationHeaders (0.71.3):
    - glog
    - RCT-Folly (= 2021.07.22.00)
    - React-Core/Default
    - React-cxxreact (= 0.71.3)
    - React-jsc
    - React-jsi (= 0.71.3)
    - React-jsiexecutor (= 0.71.3)
    - React-perflogger (= 0.71.3)
    - Yoga
  - React-Core/RCTWebSocket (0.71.3):
    - glog
    - RCT-Folly (= 2021.07.22.00)
    - React-Core/Default (= 0.71.3)
    - React-cxxreact (= 0.71.3)
    - React-jsc
    - React-jsi (= 0.71.3)
    - React-jsiexecutor (= 0.71.3)
    - React-perflogger (= 0.71.3)
    - Yoga
  - React-CoreModules (0.71.3):
    - RCT-Folly (= 2021.07.22.00)
    - RCTTypeSafety (= 0.71.3)
    - React-Codegen (= 0.71.3)
    - React-Core/CoreModulesHeaders (= 0.71.3)
    - React-jsi (= 0.71.3)
    - React-RCTBlob
    - React-RCTImage (= 0.71.3)
    - ReactCommon/turbomodule/core (= 0.71.3)
  - React-cxxreact (0.71.3):
    - boost (= 1.76.0)
    - DoubleConversion
    - glog
    - RCT-Folly (= 2021.07.22.00)
    - React-callinvoker (= 0.71.3)
    - React-jsi (= 0.71.3)
    - React-jsinspector (= 0.71.3)
    - React-logger (= 0.71.3)
    - React-perflogger (= 0.71.3)
    - React-runtimeexecutor (= 0.71.3)
  - React-jsc (0.71.3):
    - React-jsc/Fabric (= 0.71.3)
    - React-jsi (= 0.71.3)
  - React-jsc/Fabric (0.71.3):
    - React-jsi (= 0.71.3)
  - React-jsi (0.71.3):
    - boost (= 1.76.0)
    - DoubleConversion
    - glog
    - RCT-Folly (= 2021.07.22.00)
  - React-jsiexecutor (0.71.3):
    - DoubleConversion
    - glog
    - RCT-Folly (= 2021.07.22.00)
    - React-cxxreact (= 0.71.3)
    - React-jsi (= 0.71.3)
    - React-perflogger (= 0.71.3)
  - React-jsinspector (0.71.3)
  - React-logger (0.71.3):
    - glog
  - react-native-safe-area-context (4.5.0):
    - RCT-Folly
    - RCTRequired
    - RCTTypeSafety
    - React-Core
    - ReactCommon/turbomodule/core
  - React-perflogger (0.71.3)
  - React-RCTActionSheet (0.71.3):
    - React-Core/RCTActionSheetHeaders (= 0.71.3)
  - React-RCTAnimation (0.71.3):
    - RCT-Folly (= 2021.07.22.00)
    - RCTTypeSafety (= 0.71.3)
    - React-Codegen (= 0.71.3)
    - React-Core/RCTAnimationHeaders (= 0.71.3)
    - React-jsi (= 0.71.3)
    - ReactCommon/turbomodule/core (= 0.71.3)
  - React-RCTAppDelegate (0.71.3):
    - RCT-Folly
    - RCTRequired
    - RCTTypeSafety
    - React-Core
    - ReactCommon/turbomodule/core
  - React-RCTBlob (0.71.3):
    - RCT-Folly (= 2021.07.22.00)
    - React-Codegen (= 0.71.3)
    - React-Core/RCTBlobHeaders (= 0.71.3)
    - React-Core/RCTWebSocket (= 0.71.3)
    - React-jsi (= 0.71.3)
    - React-RCTNetwork (= 0.71.3)
    - ReactCommon/turbomodule/core (= 0.71.3)
  - React-RCTImage (0.71.3):
    - RCT-Folly (= 2021.07.22.00)
    - RCTTypeSafety (= 0.71.3)
    - React-Codegen (= 0.71.3)
    - React-Core/RCTImageHeaders (= 0.71.3)
    - React-jsi (= 0.71.3)
    - React-RCTNetwork (= 0.71.3)
    - ReactCommon/turbomodule/core (= 0.71.3)
  - React-RCTLinking (0.71.3):
    - React-Codegen (= 0.71.3)
    - React-Core/RCTLinkingHeaders (= 0.71.3)
    - React-jsi (= 0.71.3)
    - ReactCommon/turbomodule/core (= 0.71.3)
  - React-RCTNetwork (0.71.3):
    - RCT-Folly (= 2021.07.22.00)
    - RCTTypeSafety (= 0.71.3)
    - React-Codegen (= 0.71.3)
    - React-Core/RCTNetworkHeaders (= 0.71.3)
    - React-jsi (= 0.71.3)
    - ReactCommon/turbomodule/core (= 0.71.3)
  - React-RCTSettings (0.71.3):
    - RCT-Folly (= 2021.07.22.00)
    - RCTTypeSafety (= 0.71.3)
    - React-Codegen (= 0.71.3)
    - React-Core/RCTSettingsHeaders (= 0.71.3)
    - React-jsi (= 0.71.3)
    - ReactCommon/turbomodule/core (= 0.71.3)
  - React-RCTText (0.71.3):
    - React-Core/RCTTextHeaders (= 0.71.3)
  - React-RCTVibration (0.71.3):
    - RCT-Folly (= 2021.07.22.00)
    - React-Codegen (= 0.71.3)
    - React-Core/RCTVibrationHeaders (= 0.71.3)
    - React-jsi (= 0.71.3)
    - ReactCommon/turbomodule/core (= 0.71.3)
  - React-runtimeexecutor (0.71.3):
    - React-jsi (= 0.71.3)
  - ReactCommon/turbomodule/bridging (0.71.3):
    - DoubleConversion
    - glog
    - RCT-Folly (= 2021.07.22.00)
    - React-callinvoker (= 0.71.3)
    - React-Core (= 0.71.3)
    - React-cxxreact (= 0.71.3)
    - React-jsi (= 0.71.3)
    - React-logger (= 0.71.3)
    - React-perflogger (= 0.71.3)
  - ReactCommon/turbomodule/core (0.71.3):
    - DoubleConversion
    - glog
    - RCT-Folly (= 2021.07.22.00)
    - React-callinvoker (= 0.71.3)
    - React-Core (= 0.71.3)
    - React-cxxreact (= 0.71.3)
    - React-jsi (= 0.71.3)
    - React-logger (= 0.71.3)
    - React-perflogger (= 0.71.3)
  - RNAppleHealthKit (1.7.0):
    - React
  - RNGestureHandler (2.23.1):
    - RCT-Folly (= 2021.07.22.00)
    - React-Core
  - RNReanimated (2.14.4):
    - DoubleConversion
    - FBLazyVector
    - FBReactNativeSpec
    - glog
    - RCT-Folly
    - RCTRequired
    - RCTTypeSafety
    - React-callinvoker
    - React-Core
    - React-Core/DevSupport
    - React-Core/RCTWebSocket
    - React-CoreModules
    - React-cxxreact
    - React-jsi
    - React-jsiexecutor
    - React-jsinspector
    - React-RCTActionSheet
    - React-RCTAnimation
    - React-RCTBlob
    - React-RCTImage
    - React-RCTLinking
    - React-RCTNetwork
    - React-RCTSettings
    - React-RCTText
    - ReactCommon/turbomodule/core
    - Yoga
  - RNScreens (4.0.0):
    - RCT-Folly (= 2021.07.22.00)
    - React-Core
    - React-RCTImage
  - RNSVG (13.4.0):
    - React-Core
  - Yoga (1.14.0)

DEPENDENCIES:
  - boost (from `../node_modules/react-native/third-party-podspecs/boost.podspec`)
  - DoubleConversion (from `../node_modules/react-native/third-party-podspecs/DoubleConversion.podspec`)
  - EXApplication (from `../node_modules/expo-application/ios`)
  - EXConstants (from `../node_modules/expo-constants/ios`)
  - EXFileSystem (from `../node_modules/expo-file-system/ios`)
  - EXFont (from `../node_modules/expo-font/ios`)
  - EXJSONUtils (from `../node_modules/expo-json-utils/ios`)
  - EXManifests (from `../node_modules/expo-manifests/ios`)
  - Expo (from `../node_modules/expo`)
  - expo-dev-client (from `../node_modules/expo-dev-client/ios`)
  - expo-dev-launcher (from `../node_modules/expo-dev-launcher`)
  - expo-dev-menu (from `../node_modules/expo-dev-menu`)
  - expo-dev-menu-interface (from `../node_modules/expo-dev-menu-interface/ios`)
  - ExpoAppleAuthentication (from `../node_modules/expo-apple-authentication/ios`)
  - ExpoCrypto (from `../node_modules/expo-crypto/ios`)
  - ExpoKeepAwake (from `../node_modules/expo-keep-awake/ios`)
  - ExpoModulesCore (from `../node_modules/expo-modules-core`)
  - ExpoWebBrowser (from `../node_modules/expo-web-browser/ios`)
  - EXSplashScreen (from `../node_modules/expo-splash-screen/ios`)
  - EXUpdatesInterface (from `../node_modules/expo-updates-interface/ios`)
  - FBLazyVector (from `../node_modules/react-native/Libraries/FBLazyVector`)
  - FBReactNativeSpec (from `../node_modules/react-native/React/FBReactNativeSpec`)
  - glog (from `../node_modules/react-native/third-party-podspecs/glog.podspec`)
  - RCT-Folly (from `../node_modules/react-native/third-party-podspecs/RCT-Folly.podspec`)
  - RCTRequired (from `../node_modules/react-native/Libraries/RCTRequired`)
  - RCTTypeSafety (from `../node_modules/react-native/Libraries/TypeSafety`)
  - React (from `../node_modules/react-native/`)
  - React-callinvoker (from `../node_modules/react-native/ReactCommon/callinvoker`)
  - React-Codegen (from `build/generated/ios`)
  - React-Core (from `../node_modules/react-native/`)
  - React-Core/RCTWebSocket (from `../node_modules/react-native/`)
  - React-CoreModules (from `../node_modules/react-native/React/CoreModules`)
  - React-cxxreact (from `../node_modules/react-native/ReactCommon/cxxreact`)
  - React-jsc (from `../node_modules/react-native/ReactCommon/jsc`)
  - React-jsi (from `../node_modules/react-native/ReactCommon/jsi`)
  - React-jsiexecutor (from `../node_modules/react-native/ReactCommon/jsiexecutor`)
  - React-jsinspector (from `../node_modules/react-native/ReactCommon/jsinspector`)
  - React-logger (from `../node_modules/react-native/ReactCommon/logger`)
  - react-native-safe-area-context (from `../node_modules/react-native-safe-area-context`)
  - React-perflogger (from `../node_modules/react-native/ReactCommon/reactperflogger`)
  - React-RCTActionSheet (from `../node_modules/react-native/Libraries/ActionSheetIOS`)
  - React-RCTAnimation (from `../node_modules/react-native/Libraries/NativeAnimation`)
  - React-RCTAppDelegate (from `../node_modules/react-native/Libraries/AppDelegate`)
  - React-RCTBlob (from `../node_modules/react-native/Libraries/Blob`)
  - React-RCTImage (from `../node_modules/react-native/Libraries/Image`)
  - React-RCTLinking (from `../node_modules/react-native/Libraries/LinkingIOS`)
  - React-RCTNetwork (from `../node_modules/react-native/Libraries/Network`)
  - React-RCTSettings (from `../node_modules/react-native/Libraries/Settings`)
  - React-RCTText (from `../node_modules/react-native/Libraries/Text`)
  - React-RCTVibration (from `../node_modules/react-native/Libraries/Vibration`)
  - React-runtimeexecutor (from `../node_modules/react-native/ReactCommon/runtimeexecutor`)
  - ReactCommon/turbomodule/core (from `../node_modules/react-native/ReactCommon`)
  - RNAppleHealthKit (from `../node_modules/react-native-health`)
  - RNGestureHandler (from `../node_modules/react-native-gesture-handler`)
  - RNReanimated (from `../node_modules/react-native-reanimated`)
  - RNScreens (from `../node_modules/react-native-screens`)
  - RNSVG (from `../node_modules/react-native-svg`)
  - Yoga (from `../node_modules/react-native/ReactCommon/yoga`)

SPEC REPOS:
  trunk:
    - fmt

EXTERNAL SOURCES:
  boost:
    :podspec: "../node_modules/react-native/third-party-podspecs/boost.podspec"
  DoubleConversion:
    :podspec: "../node_modules/react-native/third-party-podspecs/DoubleConversion.podspec"
  EXApplication:
    :path: "../node_modules/expo-application/ios"
  EXConstants:
    :path: "../node_modules/expo-constants/ios"
  EXFileSystem:
    :path: "../node_modules/expo-file-system/ios"
  EXFont:
    :path: "../node_modules/expo-font/ios"
  EXJSONUtils:
    :path: "../node_modules/expo-json-utils/ios"
  EXManifests:
    :path: "../node_modules/expo-manifests/ios"
  Expo:
    :path: "../node_modules/expo"
  expo-dev-client:
    :path: "../node_modules/expo-dev-client/ios"
  expo-dev-launcher:
    :path: "../node_modules/expo-dev-launcher"
  expo-dev-menu:
    :path: "../node_modules/expo-dev-menu"
  expo-dev-menu-interface:
    :path: "../node_modules/expo-dev-menu-interface/ios"
  ExpoAppleAuthentication:
    :path: "../node_modules/expo-apple-authentication/ios"
  ExpoCrypto:
    :path: "../node_modules/expo-crypto/ios"
  ExpoKeepAwake:
    :path: "../node_modules/expo-keep-awake/ios"
  ExpoModulesCore:
    :path: "../node_modules/expo-modules-core"
  ExpoWebBrowser:
    :path: "../node_modules/expo-web-browser/ios"
  EXSplashScreen:
    :path: "../node_modules/expo-splash-screen/ios"
  EXUpdatesInterface:
    :path: "../node_modules/expo-updates-interface/ios"
  FBLazyVector:
    :path: "../node_modules/react-native/Libraries/FBLazyVector"
  FBReactNativeSpec:
    :path: "../node_modules/react-native/React/FBReactNativeSpec"
  glog:
    :podspec: "../node_modules/react-native/third-party-podspecs/glog.podspec"
  RCT-Folly:
    :podspec: "../node_modules/react-native/third-party-podspecs/RCT-Folly.podspec"
  RCTRequired:
    :path: "../node_modules/react-native/Libraries/RCTRequired"
  RCTTypeSafety:
    :path: "../node_modules/react-native/Libraries/TypeSafety"
  React:
    :path: "../node_modules/react-native/"
  React-callinvoker:
    :path: "../node_modules/react-native/ReactCommon/callinvoker"
  React-Codegen:
    :path: build/generated/ios
  React-Core:
    :path: "../node_modules/react-native/"
  React-CoreModules:
    :path: "../node_modules/react-native/React/CoreModules"
  React-cxxreact:
    :path: "../node_modules/react-native/ReactCommon/cxxreact"
  React-jsc:
    :path: "../node_modules/react-native/ReactCommon/jsc"
  React-jsi:
    :path: "../node_modules/react-native/ReactCommon/jsi"
  React-jsiexecutor:
    :path: "../node_modules/react-native/ReactCommon/jsiexecutor"
  React-jsinspector:
    :path: "../node_modules/react-native/ReactCommon/jsinspector"
  React-logger:
    :path: "../node_modules/react-native/ReactCommon/logger"
  react-native-safe-area-context:
    :path: "../node_modules/react-native-safe-area-context"
  React-perflogger:
    :path: "../node_modules/react-native/ReactCommon/reactperflogger"
  React-RCTActionSheet:
    :path: "../node_modules/react-native/Libraries/ActionSheetIOS"
  React-RCTAnimation:
    :path: "../node_modules/react-native/Libraries/NativeAnimation"
  React-RCTAppDelegate:
    :path: "../node_modules/react-native/Libraries/AppDelegate"
  React-RCTBlob:
    :path: "../node_modules/react-native/Libraries/Blob"
  React-RCTImage:
    :path: "../node_modules/react-native/Libraries/Image"
  React-RCTLinking:
    :path: "../node_modules/react-native/Libraries/LinkingIOS"
  React-RCTNetwork:
    :path: "../node_modules/react-native/Libraries/Network"
  React-RCTSettings:
    :path: "../node_modules/react-native/Libraries/Settings"
  React-RCTText:
    :path: "../node_modules/react-native/Libraries/Text"
  React-RCTVibration:
    :path: "../node_modules/react-native/Libraries/Vibration"
  React-runtimeexecutor:
    :path: "../node_modules/react-native/ReactCommon/runtimeexecutor"
  ReactCommon:
    :path: "../node_modules/react-native/ReactCommon"
  RNAppleHealthKit:
    :path: "../node_modules/react-native-health"
  RNGestureHandler:
    :path: "../node_modules/react-native-gesture-handler"
  RNReanimated:
    :path: "../node_modules/react-native-reanimated"
  RNScreens:
    :path: "../node_modules/react-native-screens"
  RNSVG:
    :path: "../node_modules/react-native-svg"
  Yoga:
    :path: "../node_modules/react-native/ReactCommon/yoga"

SPEC CHECKSUMS:
  boost: 57d2868c099736d80fcd648bf211b4431e51a558
  DoubleConversion: 5189b271737e1565bdce30deb4a08d647e3f5f54
  EXApplication: 9e02dde69a11d17d394bc89a9ea90c619217bada
  EXConstants: 0a70495c8b5dff454903ed9e798dbb39da9c3fd7
  EXFileSystem: 6c8c6df1f092c49cbbb97df4273eee3b619369b9
  EXFont: b5ea75d76062ca34e3bfbbff13566fff2ed3908e
  EXJSONUtils: 48b1e764ac35160e6f54d21ab60d7d9501f3e473
  EXManifests: e9ccabb71e1433c25ace668d75ce5869b11728f2
  Expo: 16b4a5e653c8d35ba8bef01037f26c6e3a493221
  expo-dev-client: 88981e6f94ae55c59c5051d50ba308f1a0cdf4a8
  expo-dev-launcher: 0e01b8a43a87253c594d4dd21270232cff6d250a
  expo-dev-menu: 783a611fd5151cd7bb808b02210bea45595a0775
  expo-dev-menu-interface: 581788edbee450a9a1b3f7a03bfd85be75d354a5
  ExpoAppleAuthentication: 7a6421d8e280eb036a96b3ed7efc5a277ae261ea
  ExpoCrypto: 9bee064cc1196af7e9f36d6a9d3e24d94cef1d74
  ExpoKeepAwake: 481c67a960701751b2a16e6018c2068602beb279
  ExpoModulesCore: 57b9b1b34195cd7c70e20b649934c37509988926
  ExpoWebBrowser: c66958c5b230cd385a81402d49e1c9248bedbb80
  EXSplashScreen: e4eb582134342e456ec72eda42ae017570c16eb0
  EXUpdatesInterface: dd699d1930e28639dcbd70a402caea98e86364ca
  FBLazyVector: 60195509584153283780abdac5569feffb8f08cc
  FBReactNativeSpec: 9c191fb58d06dc05ab5559a5505fc32139e9e4a2
  fmt: ff9d55029c625d3757ed641535fd4a75fedc7ce9
  glog: 04b94705f318337d7ead9e6d17c019bd9b1f6b1b
  RCT-Folly: 8dc08ca5a393b48b1c523ab6220dfdcc0fe000ad
  RCTRequired: bec48f07daf7bcdc2655a0cde84e07d24d2a9e2a
  RCTTypeSafety: 171394eebacf71e1cfad79dbfae7ee8fc16ca80a
  React: d7433ccb6a8c36e4cbed59a73c0700fc83c3e98a
  React-callinvoker: 15f165009bd22ae829b2b600e50bcc98076ce4b8
  React-Codegen: 1ce8e0749273a1f000d73861c448945680b105ab
  React-Core: 05c92437bd7f625088cac7cd13f19b0eb60820e7
  React-CoreModules: 01e319c07c2518956d69bbeef766b998e9ad64dc
  React-cxxreact: 90c58d7e8237c905d5dce5bf523d57c21edde7b1
  React-jsc: 30670396f92f5f9bab121bf8c303f5a0a507061b
  React-jsi: 5de4f5ba4d5664d63c84ecd0c1a9f9ea0884869a
  React-jsiexecutor: 4ac6ef2d329a88e0fe223aa323d64fad4649d0bb
  React-jsinspector: 9f7c9137605e72ca0343db4cea88006cb94856dd
  React-logger: 0c6de15dafdb1cd2203bfdadc02acf017231a364
  react-native-safe-area-context: 863c9695a24b9e6bb6c412f1c8ddb4dfc3ae3862
  React-perflogger: af8a3d31546077f42d729b949925cc4549f14def
  React-RCTActionSheet: 57cc5adfefbaaf0aae2cf7e10bccd746f2903673
  React-RCTAnimation: 11c61e94da700c4dc915cf134513764d87fc5e2b
  React-RCTAppDelegate: ad4527c067cc18846c91887070dc96d263e2bb41
  React-RCTBlob: 0e49a4ecd4d5276c79bea13d1c4b21f99da45121
  React-RCTImage: 7a9226b0944f1e76e8e01e35a9245c2477cdbabb
  React-RCTLinking: bbe8cc582046a9c04f79c235b73c93700263e8b4
  React-RCTNetwork: fc2ca322159dc54e06508d4f5c3e934da63dc013
  React-RCTSettings: f1e9db2cdf946426d3f2b210e4ff4ce0f0d842ef
  React-RCTText: 1c41dd57e5d742b1396b4eeb251851ce7ff0fca1
  React-RCTVibration: 5199a180d04873366a83855de55ac33ce60fe4d5
  React-runtimeexecutor: 7bf0dafc7b727d93c8cb94eb00a9d3753c446c3e
  ReactCommon: 4834fe94e3424411cfca71b667780c62014e3b04
  RNAppleHealthKit: 86ef7ab70f762b802f5c5289372de360cca701f9
  RNGestureHandler: b92edffdd61fb7c277ece50711d01614f47410c0
  RNReanimated: 96faf89fef41e16cacaf3e3231cf6a34d672e864
  RNScreens: 750015d6d73775ec317dd96ae1321932b60f231d
  RNSVG: 6ebe31273563567f36f6a871b989bca09cd3827b
  Yoga: 5ed1699acbba8863755998a4245daa200ff3817b

PODFILE CHECKSUM: f6e471825dca58013b636c8201d8affccadceca2

COCOAPODS: 1.16.2
